// !$*UTF8*$!
{
	archiveVersion = 1;
	classes = {
	};
	objectVersion = 46;
	objects = {

/* Begin PBXBuildFile section */
		876AFA4F6B0162D9ED9716EE /* Pods_douyuzhibo.framework in Frameworks */ = {isa = PBXBuildFile; fileRef = 3D72A05BC1A8BA352462033F /* Pods_douyuzhibo.framework */; };
		F0010AA41DA3D41D00DF6463 /* AppDelegate.swift in Sources */ = {isa = PBXBuildFile; fileRef = F0010AA31DA3D41D00DF6463 /* AppDelegate.swift */; };
		F0010AA61DA3D41D00DF6463 /* ViewController.swift in Sources */ = {isa = PBXBuildFile; fileRef = F0010AA51DA3D41D00DF6463 /* ViewController.swift */; };
		F0010AA91DA3D41D00DF6463 /* Main.storyboard in Resources */ = {isa = PBXBuildFile; fileRef = F0010AA71DA3D41D00DF6463 /* Main.storyboard */; };
		F0010AAB1DA3D41D00DF6463 /* Assets.xcassets in Resources */ = {isa = PBXBuildFile; fileRef = F0010AAA1DA3D41D00DF6463 /* Assets.xcassets */; };
		F0010AAE1DA3D41D00DF6463 /* LaunchScreen.storyboard in Resources */ = {isa = PBXBuildFile; fileRef = F0010AAC1DA3D41D00DF6463 /* LaunchScreen.storyboard */; };
		F0010AE91DA3DC0100DF6463 /* XLTabBarController.swift in Sources */ = {isa = PBXBuildFile; fileRef = F0010AE81DA3DC0100DF6463 /* XLTabBarController.swift */; };
		F0010AEC1DA3DEC500DF6463 /* Home.storyboard in Resources */ = {isa = PBXBuildFile; fileRef = F0010AEA1DA3DEC500DF6463 /* Home.storyboard */; };
		F0010AEE1DA3DEDC00DF6463 /* Live.storyboard in Resources */ = {isa = PBXBuildFile; fileRef = F0010AED1DA3DEDC00DF6463 /* Live.storyboard */; };
		F0010AF01DA3DFF400DF6463 /* Focus.storyboard in Resources */ = {isa = PBXBuildFile; fileRef = F0010AEF1DA3DFF400DF6463 /* Focus.storyboard */; };
		F0010AF31DA3E00400DF6463 /* Myself.storyboard in Resources */ = {isa = PBXBuildFile; fileRef = F0010AF11DA3E00400DF6463 /* Myself.storyboard */; };
		F0010AF51DA3E58B00DF6463 /* XLHomeViewController.swift in Sources */ = {isa = PBXBuildFile; fileRef = F0010AF41DA3E58B00DF6463 /* XLHomeViewController.swift */; };
		F0010AF81DA3EF8600DF6463 /* UIBarButtonItem+Ext.swift in Sources */ = {isa = PBXBuildFile; fileRef = F0010AF71DA3EF8600DF6463 /* UIBarButtonItem+Ext.swift */; };
		F0010AFA1DA3FC4200DF6463 /* XLChannelView.swift in Sources */ = {isa = PBXBuildFile; fileRef = F0010AF91DA3FC4200DF6463 /* XLChannelView.swift */; };
		F0010AFC1DA407D100DF6463 /* common.swift in Sources */ = {isa = PBXBuildFile; fileRef = F0010AFB1DA407D100DF6463 /* common.swift */; };
		F08770FF1DA4C99300D0139E /* XLContentView.swift in Sources */ = {isa = PBXBuildFile; fileRef = F08770FE1DA4C99300D0139E /* XLContentView.swift */; };
		F08771011DA4D32100D0139E /* UIColor+Ext.swift in Sources */ = {isa = PBXBuildFile; fileRef = F08771001DA4D32100D0139E /* UIColor+Ext.swift */; };
		F0F6CCB81DE8207600F82C55 /* XLRecommendController.swift in Sources */ = {isa = PBXBuildFile; fileRef = F0F6CCB71DE8207600F82C55 /* XLRecommendController.swift */; };
		F0F6CCBD1DEBCAFB00F82C55 /* XLRecommendNormalCell.swift in Sources */ = {isa = PBXBuildFile; fileRef = F0F6CCBB1DEBCAFB00F82C55 /* XLRecommendNormalCell.swift */; };
		F0F6CCBE1DEBCAFB00F82C55 /* XLRecommendNormalCell.xib in Resources */ = {isa = PBXBuildFile; fileRef = F0F6CCBC1DEBCAFB00F82C55 /* XLRecommendNormalCell.xib */; };
		F0F6CCC01DEBD49200F82C55 /* XLAnchorModel.swift in Sources */ = {isa = PBXBuildFile; fileRef = F0F6CCBF1DEBD49200F82C55 /* XLAnchorModel.swift */; };
		F0F6CCFC1DEC07EC00F82C55 /* XLAnchorGroup.swift in Sources */ = {isa = PBXBuildFile; fileRef = F0F6CCFB1DEC07EC00F82C55 /* XLAnchorGroup.swift */; };
		F0F6CD001DEC13F800F82C55 /* XLCollectionViewBaseCell.swift in Sources */ = {isa = PBXBuildFile; fileRef = F0F6CCFF1DEC13F800F82C55 /* XLCollectionViewBaseCell.swift */; };
		F0F6CD031DEC1C8900F82C55 /* XLCollectionHeaderView.swift in Sources */ = {isa = PBXBuildFile; fileRef = F0F6CD011DEC1C8900F82C55 /* XLCollectionHeaderView.swift */; };
		F0F6CD041DEC1C8900F82C55 /* XLCollectionHeaderView.xib in Resources */ = {isa = PBXBuildFile; fileRef = F0F6CD021DEC1C8900F82C55 /* XLCollectionHeaderView.xib */; };
		F0F6CD071DEC246300F82C55 /* XLPrettyCollectionCell.swift in Sources */ = {isa = PBXBuildFile; fileRef = F0F6CD051DEC246300F82C55 /* XLPrettyCollectionCell.swift */; };
		F0F6CD081DEC246300F82C55 /* XLPrettyCollectionCell.xib in Resources */ = {isa = PBXBuildFile; fileRef = F0F6CD061DEC246300F82C55 /* XLPrettyCollectionCell.xib */; };
		F0F6CD0A1DEC396200F82C55 /* XLBaseAnchorModel.swift in Sources */ = {isa = PBXBuildFile; fileRef = F0F6CD091DEC396200F82C55 /* XLBaseAnchorModel.swift */; };
		F0F6CD0C1DEC3AB200F82C55 /* XLBaseViewModel.swift in Sources */ = {isa = PBXBuildFile; fileRef = F0F6CD0B1DEC3AB200F82C55 /* XLBaseViewModel.swift */; };
		F0F6CD0E1DEC3B0E00F82C55 /* XLBaseViewController.swift in Sources */ = {isa = PBXBuildFile; fileRef = F0F6CD0D1DEC3B0E00F82C55 /* XLBaseViewController.swift */; };
		F0F7D7761DE7E6BF00B74C36 /* XLRecommendVM.swift in Sources */ = {isa = PBXBuildFile; fileRef = F0F7D7751DE7E6BF00B74C36 /* XLRecommendVM.swift */; };
		F0F7D7781DE80C9700B74C36 /* XLNetworkManager.swift in Sources */ = {isa = PBXBuildFile; fileRef = F0F7D7771DE80C9700B74C36 /* XLNetworkManager.swift */; };
/* End PBXBuildFile section */

/* Begin PBXFileReference section */
		3D72A05BC1A8BA352462033F /* Pods_douyuzhibo.framework */ = {isa = PBXFileReference; explicitFileType = wrapper.framework; includeInIndex = 0; path = Pods_douyuzhibo.framework; sourceTree = BUILT_PRODUCTS_DIR; };
		5DAD2053D655A5219A941791 /* Pods-douyuzhibo.debug.xcconfig */ = {isa = PBXFileReference; includeInIndex = 1; lastKnownFileType = text.xcconfig; name = "Pods-douyuzhibo.debug.xcconfig"; path = "Pods/Target Support Files/Pods-douyuzhibo/Pods-douyuzhibo.debug.xcconfig"; sourceTree = "<group>"; };
		777D219052FF959804F7034E /* Pods_douyuzhiboTests.framework */ = {isa = PBXFileReference; explicitFileType = wrapper.framework; includeInIndex = 0; path = Pods_douyuzhiboTests.framework; sourceTree = BUILT_PRODUCTS_DIR; };
		B289DA2C7F70B3950540D2BE /* Pods_douyuzhiboUITests.framework */ = {isa = PBXFileReference; explicitFileType = wrapper.framework; includeInIndex = 0; path = Pods_douyuzhiboUITests.framework; sourceTree = BUILT_PRODUCTS_DIR; };
		C6ED00E3B5F903317B0D7DFE /* Pods-douyuzhibo.release.xcconfig */ = {isa = PBXFileReference; includeInIndex = 1; lastKnownFileType = text.xcconfig; name = "Pods-douyuzhibo.release.xcconfig"; path = "Pods/Target Support Files/Pods-douyuzhibo/Pods-douyuzhibo.release.xcconfig"; sourceTree = "<group>"; };
		F0010AA01DA3D41D00DF6463 /* douyuzhibo.app */ = {isa = PBXFileReference; explicitFileType = wrapper.application; includeInIndex = 0; path = douyuzhibo.app; sourceTree = BUILT_PRODUCTS_DIR; };
		F0010AA31DA3D41D00DF6463 /* AppDelegate.swift */ = {isa = PBXFileReference; lastKnownFileType = sourcecode.swift; path = AppDelegate.swift; sourceTree = "<group>"; };
		F0010AA51DA3D41D00DF6463 /* ViewController.swift */ = {isa = PBXFileReference; lastKnownFileType = sourcecode.swift; path = ViewController.swift; sourceTree = "<group>"; };
		F0010AA81DA3D41D00DF6463 /* Base */ = {isa = PBXFileReference; lastKnownFileType = file.storyboard; name = Base; path = Base.lproj/Main.storyboard; sourceTree = "<group>"; };
		F0010AAA1DA3D41D00DF6463 /* Assets.xcassets */ = {isa = PBXFileReference; lastKnownFileType = folder.assetcatalog; path = Assets.xcassets; sourceTree = "<group>"; };
		F0010AAD1DA3D41D00DF6463 /* Base */ = {isa = PBXFileReference; lastKnownFileType = file.storyboard; name = Base; path = Base.lproj/LaunchScreen.storyboard; sourceTree = "<group>"; };
		F0010AAF1DA3D41D00DF6463 /* Info.plist */ = {isa = PBXFileReference; lastKnownFileType = text.plist.xml; path = Info.plist; sourceTree = "<group>"; };
		F0010AE81DA3DC0100DF6463 /* XLTabBarController.swift */ = {isa = PBXFileReference; fileEncoding = 4; lastKnownFileType = sourcecode.swift; path = XLTabBarController.swift; sourceTree = "<group>"; };
		F0010AEB1DA3DEC500DF6463 /* Base */ = {isa = PBXFileReference; lastKnownFileType = file.storyboard; name = Base; path = douyuzhibo/Base.lproj/Home.storyboard; sourceTree = SOURCE_ROOT; };
		F0010AED1DA3DEDC00DF6463 /* Live.storyboard */ = {isa = PBXFileReference; fileEncoding = 4; lastKnownFileType = file.storyboard; name = Live.storyboard; path = ../../Common/Controllers/Live.storyboard; sourceTree = "<group>"; };
		F0010AEF1DA3DFF400DF6463 /* Focus.storyboard */ = {isa = PBXFileReference; fileEncoding = 4; lastKnownFileType = file.storyboard; name = Focus.storyboard; path = ../../Common/Controllers/Focus.storyboard; sourceTree = "<group>"; };
		F0010AF21DA3E00400DF6463 /* Base */ = {isa = PBXFileReference; lastKnownFileType = file.storyboard; name = Base; path = douyuzhibo/Base.lproj/Myself.storyboard; sourceTree = SOURCE_ROOT; };
		F0010AF41DA3E58B00DF6463 /* XLHomeViewController.swift */ = {isa = PBXFileReference; fileEncoding = 4; lastKnownFileType = sourcecode.swift; path = XLHomeViewController.swift; sourceTree = "<group>"; };
		F0010AF71DA3EF8600DF6463 /* UIBarButtonItem+Ext.swift */ = {isa = PBXFileReference; fileEncoding = 4; lastKnownFileType = sourcecode.swift; path = "UIBarButtonItem+Ext.swift"; sourceTree = "<group>"; };
		F0010AF91DA3FC4200DF6463 /* XLChannelView.swift */ = {isa = PBXFileReference; fileEncoding = 4; lastKnownFileType = sourcecode.swift; path = XLChannelView.swift; sourceTree = "<group>"; };
		F0010AFB1DA407D100DF6463 /* common.swift */ = {isa = PBXFileReference; fileEncoding = 4; lastKnownFileType = sourcecode.swift; path = common.swift; sourceTree = "<group>"; };
		F08770FE1DA4C99300D0139E /* XLContentView.swift */ = {isa = PBXFileReference; fileEncoding = 4; lastKnownFileType = sourcecode.swift; path = XLContentView.swift; sourceTree = "<group>"; };
		F08771001DA4D32100D0139E /* UIColor+Ext.swift */ = {isa = PBXFileReference; fileEncoding = 4; lastKnownFileType = sourcecode.swift; path = "UIColor+Ext.swift"; sourceTree = "<group>"; };
		F0F6CCB71DE8207600F82C55 /* XLRecommendController.swift */ = {isa = PBXFileReference; fileEncoding = 4; lastKnownFileType = sourcecode.swift; path = XLRecommendController.swift; sourceTree = "<group>"; };
		F0F6CCBB1DEBCAFB00F82C55 /* XLRecommendNormalCell.swift */ = {isa = PBXFileReference; fileEncoding = 4; lastKnownFileType = sourcecode.swift; name = XLRecommendNormalCell.swift; path = ../../Home/View/XLRecommendNormalCell.swift; sourceTree = "<group>"; };
		F0F6CCBC1DEBCAFB00F82C55 /* XLRecommendNormalCell.xib */ = {isa = PBXFileReference; fileEncoding = 4; lastKnownFileType = file.xib; name = XLRecommendNormalCell.xib; path = ../../Home/View/XLRecommendNormalCell.xib; sourceTree = "<group>"; };
		F0F6CCBF1DEBD49200F82C55 /* XLAnchorModel.swift */ = {isa = PBXFileReference; fileEncoding = 4; lastKnownFileType = sourcecode.swift; path = XLAnchorModel.swift; sourceTree = "<group>"; };
		F0F6CCFB1DEC07EC00F82C55 /* XLAnchorGroup.swift */ = {isa = PBXFileReference; fileEncoding = 4; lastKnownFileType = sourcecode.swift; path = XLAnchorGroup.swift; sourceTree = "<group>"; };
		F0F6CCFF1DEC13F800F82C55 /* XLCollectionViewBaseCell.swift */ = {isa = PBXFileReference; fileEncoding = 4; lastKnownFileType = sourcecode.swift; path = XLCollectionViewBaseCell.swift; sourceTree = "<group>"; };
		F0F6CD011DEC1C8900F82C55 /* XLCollectionHeaderView.swift */ = {isa = PBXFileReference; fileEncoding = 4; lastKnownFileType = sourcecode.swift; path = XLCollectionHeaderView.swift; sourceTree = "<group>"; };
		F0F6CD021DEC1C8900F82C55 /* XLCollectionHeaderView.xib */ = {isa = PBXFileReference; fileEncoding = 4; lastKnownFileType = file.xib; path = XLCollectionHeaderView.xib; sourceTree = "<group>"; };
		F0F6CD051DEC246300F82C55 /* XLPrettyCollectionCell.swift */ = {isa = PBXFileReference; fileEncoding = 4; lastKnownFileType = sourcecode.swift; path = XLPrettyCollectionCell.swift; sourceTree = "<group>"; };
		F0F6CD061DEC246300F82C55 /* XLPrettyCollectionCell.xib */ = {isa = PBXFileReference; fileEncoding = 4; lastKnownFileType = file.xib; path = XLPrettyCollectionCell.xib; sourceTree = "<group>"; };
		F0F6CD091DEC396200F82C55 /* XLBaseAnchorModel.swift */ = {isa = PBXFileReference; fileEncoding = 4; lastKnownFileType = sourcecode.swift; path = XLBaseAnchorModel.swift; sourceTree = "<group>"; };
		F0F6CD0B1DEC3AB200F82C55 /* XLBaseViewModel.swift */ = {isa = PBXFileReference; fileEncoding = 4; lastKnownFileType = sourcecode.swift; path = XLBaseViewModel.swift; sourceTree = "<group>"; };
		F0F6CD0D1DEC3B0E00F82C55 /* XLBaseViewController.swift */ = {isa = PBXFileReference; fileEncoding = 4; lastKnownFileType = sourcecode.swift; path = XLBaseViewController.swift; sourceTree = "<group>"; };
		F0F7D7751DE7E6BF00B74C36 /* XLRecommendVM.swift */ = {isa = PBXFileReference; fileEncoding = 4; lastKnownFileType = sourcecode.swift; path = XLRecommendVM.swift; sourceTree = "<group>"; };
		F0F7D7771DE80C9700B74C36 /* XLNetworkManager.swift */ = {isa = PBXFileReference; fileEncoding = 4; lastKnownFileType = sourcecode.swift; path = XLNetworkManager.swift; sourceTree = "<group>"; };
/* End PBXFileReference section */

/* Begin PBXFrameworksBuildPhase section */
		F0010A9D1DA3D41D00DF6463 /* Frameworks */ = {
			isa = PBXFrameworksBuildPhase;
			buildActionMask = 2147483647;
			files = (
				876AFA4F6B0162D9ED9716EE /* Pods_douyuzhibo.framework in Frameworks */,
			);
			runOnlyForDeploymentPostprocessing = 0;
		};
/* End PBXFrameworksBuildPhase section */

/* Begin PBXGroup section */
		3F115F0AE1BE6428CFB04570 /* Pods */ = {
			isa = PBXGroup;
			children = (
				5DAD2053D655A5219A941791 /* Pods-douyuzhibo.debug.xcconfig */,
				C6ED00E3B5F903317B0D7DFE /* Pods-douyuzhibo.release.xcconfig */,
			);
			name = Pods;
			sourceTree = "<group>";
		};
		80FD083170914A1BAA52EC3E /* Frameworks */ = {
			isa = PBXGroup;
			children = (
				3D72A05BC1A8BA352462033F /* Pods_douyuzhibo.framework */,
				777D219052FF959804F7034E /* Pods_douyuzhiboTests.framework */,
				B289DA2C7F70B3950540D2BE /* Pods_douyuzhiboUITests.framework */,
			);
			name = Frameworks;
			sourceTree = "<group>";
		};
		F0010A971DA3D41D00DF6463 = {
			isa = PBXGroup;
			children = (
				F0010AA21DA3D41D00DF6463 /* douyuzhibo */,
				F0010AA11DA3D41D00DF6463 /* Products */,
				3F115F0AE1BE6428CFB04570 /* Pods */,
				80FD083170914A1BAA52EC3E /* Frameworks */,
			);
			sourceTree = "<group>";
		};
		F0010AA11DA3D41D00DF6463 /* Products */ = {
			isa = PBXGroup;
			children = (
				F0010AA01DA3D41D00DF6463 /* douyuzhibo.app */,
			);
			name = Products;
			sourceTree = "<group>";
		};
		F0010AA21DA3D41D00DF6463 /* douyuzhibo */ = {
			isa = PBXGroup;
			children = (
				F0010AD11DA3D5FC00DF6463 /* Classes */,
				F0010AA31DA3D41D00DF6463 /* AppDelegate.swift */,
				F0010AA51DA3D41D00DF6463 /* ViewController.swift */,
				F0010AAA1DA3D41D00DF6463 /* Assets.xcassets */,
				F0010AAC1DA3D41D00DF6463 /* LaunchScreen.storyboard */,
				F0010AAF1DA3D41D00DF6463 /* Info.plist */,
			);
			path = douyuzhibo;
			sourceTree = "<group>";
		};
		F0010AD11DA3D5FC00DF6463 /* Classes */ = {
			isa = PBXGroup;
			children = (
				F0010AD21DA3D5FC00DF6463 /* Common */,
				F0010ADA1DA3D5FC00DF6463 /* Home */,
				F0010ADE1DA3D5FC00DF6463 /* Live */,
				F0010AD61DA3D5FC00DF6463 /* Focus */,
				F0010AE21DA3D5FC00DF6463 /* Myself */,
				F0010AF61DA3EF3A00DF6463 /* Tools */,
			);
			path = Classes;
			sourceTree = "<group>";
		};
		F0010AD21DA3D5FC00DF6463 /* Common */ = {
			isa = PBXGroup;
			children = (
				F0F6CCFD1DEC0EFE00F82C55 /* Models */,
				F0F6CCFE1DEC0EFE00F82C55 /* ViewModels */,
				F0010AD51DA3D5FC00DF6463 /* Views */,
				F0010AD31DA3D5FC00DF6463 /* Controllers */,
			);
			path = Common;
			sourceTree = "<group>";
		};
		F0010AD31DA3D5FC00DF6463 /* Controllers */ = {
			isa = PBXGroup;
			children = (
				F0010AA71DA3D41D00DF6463 /* Main.storyboard */,
				F0010AE81DA3DC0100DF6463 /* XLTabBarController.swift */,
				F0F6CD0D1DEC3B0E00F82C55 /* XLBaseViewController.swift */,
			);
			path = Controllers;
			sourceTree = "<group>";
		};
		F0010AD51DA3D5FC00DF6463 /* Views */ = {
			isa = PBXGroup;
			children = (
				F0010AF91DA3FC4200DF6463 /* XLChannelView.swift */,
				F08770FE1DA4C99300D0139E /* XLContentView.swift */,
				F0F6CCBB1DEBCAFB00F82C55 /* XLRecommendNormalCell.swift */,
				F0F6CCBC1DEBCAFB00F82C55 /* XLRecommendNormalCell.xib */,
				F0F6CCFF1DEC13F800F82C55 /* XLCollectionViewBaseCell.swift */,
				F0F6CD051DEC246300F82C55 /* XLPrettyCollectionCell.swift */,
				F0F6CD061DEC246300F82C55 /* XLPrettyCollectionCell.xib */,
			);
			path = Views;
			sourceTree = "<group>";
		};
		F0010AD61DA3D5FC00DF6463 /* Focus */ = {
			isa = PBXGroup;
			children = (
				F0010AD71DA3D5FC00DF6463 /* Controllers */,
				F0010AD81DA3D5FC00DF6463 /* Models */,
				F0010AD91DA3D5FC00DF6463 /* Views */,
			);
			path = Focus;
			sourceTree = "<group>";
		};
		F0010AD71DA3D5FC00DF6463 /* Controllers */ = {
			isa = PBXGroup;
			children = (
				F0010AEF1DA3DFF400DF6463 /* Focus.storyboard */,
			);
			path = Controllers;
			sourceTree = "<group>";
		};
		F0010AD81DA3D5FC00DF6463 /* Models */ = {
			isa = PBXGroup;
			children = (
			);
			path = Models;
			sourceTree = "<group>";
		};
		F0010AD91DA3D5FC00DF6463 /* Views */ = {
			isa = PBXGroup;
			children = (
			);
			path = Views;
			sourceTree = "<group>";
		};
		F0010ADA1DA3D5FC00DF6463 /* Home */ = {
			isa = PBXGroup;
			children = (
				F0F7D7721DE7E6A100B74C36 /* Model */,
				F0F7D7731DE7E6A100B74C36 /* View */,
				F0F7D7741DE7E6A100B74C36 /* ViewModel */,
				F0010ADB1DA3D5FC00DF6463 /* Controllers */,
			);
			path = Home;
			sourceTree = "<group>";
		};
		F0010ADB1DA3D5FC00DF6463 /* Controllers */ = {
			isa = PBXGroup;
			children = (
				F0010AEA1DA3DEC500DF6463 /* Home.storyboard */,
				F0010AF41DA3E58B00DF6463 /* XLHomeViewController.swift */,
				F0F6CCB71DE8207600F82C55 /* XLRecommendController.swift */,
			);
			path = Controllers;
			sourceTree = "<group>";
		};
		F0010ADE1DA3D5FC00DF6463 /* Live */ = {
			isa = PBXGroup;
			children = (
				F0010ADF1DA3D5FC00DF6463 /* Controllers */,
				F0010AE01DA3D5FC00DF6463 /* Models */,
				F0010AE11DA3D5FC00DF6463 /* Views */,
			);
			path = Live;
			sourceTree = "<group>";
		};
		F0010ADF1DA3D5FC00DF6463 /* Controllers */ = {
			isa = PBXGroup;
			children = (
				F0010AED1DA3DEDC00DF6463 /* Live.storyboard */,
			);
			path = Controllers;
			sourceTree = "<group>";
		};
		F0010AE01DA3D5FC00DF6463 /* Models */ = {
			isa = PBXGroup;
			children = (
			);
			path = Models;
			sourceTree = "<group>";
		};
		F0010AE11DA3D5FC00DF6463 /* Views */ = {
			isa = PBXGroup;
			children = (
			);
			path = Views;
			sourceTree = "<group>";
		};
		F0010AE21DA3D5FC00DF6463 /* Myself */ = {
			isa = PBXGroup;
			children = (
				F0010AE31DA3D5FC00DF6463 /* Controllers */,
				F0010AE41DA3D5FC00DF6463 /* Models */,
				F0010AE51DA3D5FC00DF6463 /* Views */,
			);
			path = Myself;
			sourceTree = "<group>";
		};
		F0010AE31DA3D5FC00DF6463 /* Controllers */ = {
			isa = PBXGroup;
			children = (
				F0010AF11DA3E00400DF6463 /* Myself.storyboard */,
			);
			path = Controllers;
			sourceTree = "<group>";
		};
		F0010AE41DA3D5FC00DF6463 /* Models */ = {
			isa = PBXGroup;
			children = (
			);
			path = Models;
			sourceTree = "<group>";
		};
		F0010AE51DA3D5FC00DF6463 /* Views */ = {
			isa = PBXGroup;
			children = (
			);
			path = Views;
			sourceTree = "<group>";
		};
		F0010AF61DA3EF3A00DF6463 /* Tools */ = {
			isa = PBXGroup;
			children = (
				F0010AF71DA3EF8600DF6463 /* UIBarButtonItem+Ext.swift */,
				F0010AFB1DA407D100DF6463 /* common.swift */,
				F08771001DA4D32100D0139E /* UIColor+Ext.swift */,
				F0F7D7771DE80C9700B74C36 /* XLNetworkManager.swift */,
			);
			path = Tools;
			sourceTree = "<group>";
		};
		F0F6CCFD1DEC0EFE00F82C55 /* Models */ = {
			isa = PBXGroup;
			children = (
				F0F6CD091DEC396200F82C55 /* XLBaseAnchorModel.swift */,
			);
			path = Models;
			sourceTree = "<group>";
		};
		F0F6CCFE1DEC0EFE00F82C55 /* ViewModels */ = {
			isa = PBXGroup;
			children = (
				F0F6CD0B1DEC3AB200F82C55 /* XLBaseViewModel.swift */,
			);
			path = ViewModels;
			sourceTree = "<group>";
		};
		F0F7D7721DE7E6A100B74C36 /* Model */ = {
			isa = PBXGroup;
			children = (
				F0F6CCBF1DEBD49200F82C55 /* XLAnchorModel.swift */,
				F0F6CCFB1DEC07EC00F82C55 /* XLAnchorGroup.swift */,
			);
			path = Model;
			sourceTree = "<group>";
		};
		F0F7D7731DE7E6A100B74C36 /* View */ = {
			isa = PBXGroup;
			children = (
				F0F6CD011DEC1C8900F82C55 /* XLCollectionHeaderView.swift */,
				F0F6CD021DEC1C8900F82C55 /* XLCollectionHeaderView.xib */,
			);
			path = View;
			sourceTree = "<group>";
		};
		F0F7D7741DE7E6A100B74C36 /* ViewModel */ = {
			isa = PBXGroup;
			children = (
				F0F7D7751DE7E6BF00B74C36 /* XLRecommendVM.swift */,
			);
			path = ViewModel;
			sourceTree = "<group>";
		};
/* End PBXGroup section */

/* Begin PBXNativeTarget section */
		F0010A9F1DA3D41D00DF6463 /* douyuzhibo */ = {
			isa = PBXNativeTarget;
			buildConfigurationList = F0010AC81DA3D41D00DF6463 /* Build configuration list for PBXNativeTarget "douyuzhibo" */;
			buildPhases = (
				C8DAFB9960B092143C5BC765 /* [CP] Check Pods Manifest.lock */,
				F0010A9C1DA3D41D00DF6463 /* Sources */,
				F0010A9D1DA3D41D00DF6463 /* Frameworks */,
				F0010A9E1DA3D41D00DF6463 /* Resources */,
				0ADFE9A4034884F19793FD6A /* [CP] Embed Pods Frameworks */,
				12D1833ABD81588059ADE12E /* [CP] Copy Pods Resources */,
			);
			buildRules = (
			);
			dependencies = (
			);
			name = douyuzhibo;
			productName = douyuzhibo;
			productReference = F0010AA01DA3D41D00DF6463 /* douyuzhibo.app */;
			productType = "com.apple.product-type.application";
		};
/* End PBXNativeTarget section */

/* Begin PBXProject section */
		F0010A981DA3D41D00DF6463 /* Project object */ = {
			isa = PBXProject;
			attributes = {
				CLASSPREFIX = XL;
				LastSwiftUpdateCheck = 0720;
				LastUpgradeCheck = 0800;
				ORGANIZATIONNAME = xianglin;
				TargetAttributes = {
					F0010A9F1DA3D41D00DF6463 = {
						CreatedOnToolsVersion = 7.2;
						DevelopmentTeam = X52UY93425;
						LastSwiftMigration = 0800;
					};
				};
			};
			buildConfigurationList = F0010A9B1DA3D41D00DF6463 /* Build configuration list for PBXProject "douyuzhibo" */;
			compatibilityVersion = "Xcode 3.2";
			developmentRegion = English;
			hasScannedForEncodings = 0;
			knownRegions = (
				en,
				Base,
			);
			mainGroup = F0010A971DA3D41D00DF6463;
			productRefGroup = F0010AA11DA3D41D00DF6463 /* Products */;
			projectDirPath = "";
			projectRoot = "";
			targets = (
				F0010A9F1DA3D41D00DF6463 /* douyuzhibo */,
			);
		};
/* End PBXProject section */

/* Begin PBXResourcesBuildPhase section */
		F0010A9E1DA3D41D00DF6463 /* Resources */ = {
			isa = PBXResourcesBuildPhase;
			buildActionMask = 2147483647;
			files = (
				F0010AAE1DA3D41D00DF6463 /* LaunchScreen.storyboard in Resources */,
				F0F6CCBE1DEBCAFB00F82C55 /* XLRecommendNormalCell.xib in Resources */,
				F0010AAB1DA3D41D00DF6463 /* Assets.xcassets in Resources */,
				F0010AA91DA3D41D00DF6463 /* Main.storyboard in Resources */,
				F0010AF01DA3DFF400DF6463 /* Focus.storyboard in Resources */,
				F0010AF31DA3E00400DF6463 /* Myself.storyboard in Resources */,
				F0010AEE1DA3DEDC00DF6463 /* Live.storyboard in Resources */,
				F0F6CD081DEC246300F82C55 /* XLPrettyCollectionCell.xib in Resources */,
				F0F6CD041DEC1C8900F82C55 /* XLCollectionHeaderView.xib in Resources */,
				F0010AEC1DA3DEC500DF6463 /* Home.storyboard in Resources */,
			);
			runOnlyForDeploymentPostprocessing = 0;
		};
/* End PBXResourcesBuildPhase section */

/* Begin PBXShellScriptBuildPhase section */
		0ADFE9A4034884F19793FD6A /* [CP] Embed Pods Frameworks */ = {
			isa = PBXShellScriptBuildPhase;
			buildActionMask = 2147483647;
			files = (
			);
			inputPaths = (
			);
			name = "[CP] Embed Pods Frameworks";
			outputPaths = (
			);
			runOnlyForDeploymentPostprocessing = 0;
			shellPath = /bin/sh;
			shellScript = "\"${SRCROOT}/Pods/Target Support Files/Pods-douyuzhibo/Pods-douyuzhibo-frameworks.sh\"\n";
			showEnvVarsInLog = 0;
		};
		12D1833ABD81588059ADE12E /* [CP] Copy Pods Resources */ = {
			isa = PBXShellScriptBuildPhase;
			buildActionMask = 2147483647;
			files = (
			);
			inputPaths = (
			);
			name = "[CP] Copy Pods Resources";
			outputPaths = (
			);
			runOnlyForDeploymentPostprocessing = 0;
			shellPath = /bin/sh;
			shellScript = "\"${SRCROOT}/Pods/Target Support Files/Pods-douyuzhibo/Pods-douyuzhibo-resources.sh\"\n";
			showEnvVarsInLog = 0;
		};
		C8DAFB9960B092143C5BC765 /* [CP] Check Pods Manifest.lock */ = {
			isa = PBXShellScriptBuildPhase;
			buildActionMask = 2147483647;
			files = (
			);
			inputPaths = (
			);
			name = "[CP] Check Pods Manifest.lock";
			outputPaths = (
			);
			runOnlyForDeploymentPostprocessing = 0;
			shellPath = /bin/sh;
			shellScript = "diff \"${PODS_ROOT}/../Podfile.lock\" \"${PODS_ROOT}/Manifest.lock\" > /dev/null\nif [ $? != 0 ] ; then\n    # print error to STDERR\n    echo \"error: The sandbox is not in sync with the Podfile.lock. Run 'pod install' or update your CocoaPods installation.\" >&2\n    exit 1\nfi\n";
			showEnvVarsInLog = 0;
		};
/* End PBXShellScriptBuildPhase section */

/* Begin PBXSourcesBuildPhase section */
		F0010A9C1DA3D41D00DF6463 /* Sources */ = {
			isa = PBXSourcesBuildPhase;
			buildActionMask = 2147483647;
			files = (
				F0F6CCFC1DEC07EC00F82C55 /* XLAnchorGroup.swift in Sources */,
				F0F6CD031DEC1C8900F82C55 /* XLCollectionHeaderView.swift in Sources */,
				F08770FF1DA4C99300D0139E /* XLContentView.swift in Sources */,
				F0010AFC1DA407D100DF6463 /* common.swift in Sources */,
				F0F6CCC01DEBD49200F82C55 /* XLAnchorModel.swift in Sources */,
				F0010AA61DA3D41D00DF6463 /* ViewController.swift in Sources */,
				F0F6CCBD1DEBCAFB00F82C55 /* XLRecommendNormalCell.swift in Sources */,
				F0F6CD0E1DEC3B0E00F82C55 /* XLBaseViewController.swift in Sources */,
				F0F7D7781DE80C9700B74C36 /* XLNetworkManager.swift in Sources */,
				F0010AF51DA3E58B00DF6463 /* XLHomeViewController.swift in Sources */,
				F0010AA41DA3D41D00DF6463 /* AppDelegate.swift in Sources */,
				F0F6CD0A1DEC396200F82C55 /* XLBaseAnchorModel.swift in Sources */,
				F0F7D7761DE7E6BF00B74C36 /* XLRecommendVM.swift in Sources */,
				F0010AF81DA3EF8600DF6463 /* UIBarButtonItem+Ext.swift in Sources */,
				F0F6CCB81DE8207600F82C55 /* XLRecommendController.swift in Sources */,
				F08771011DA4D32100D0139E /* UIColor+Ext.swift in Sources */,
				F0F6CD0C1DEC3AB200F82C55 /* XLBaseViewModel.swift in Sources */,
				F0010AFA1DA3FC4200DF6463 /* XLChannelView.swift in Sources */,
				F0F6CD071DEC246300F82C55 /* XLPrettyCollectionCell.swift in Sources */,
				F0010AE91DA3DC0100DF6463 /* XLTabBarController.swift in Sources */,
				F0F6CD001DEC13F800F82C55 /* XLCollectionViewBaseCell.swift in Sources */,
			);
			runOnlyForDeploymentPostprocessing = 0;
		};
/* End PBXSourcesBuildPhase section */

/* Begin PBXVariantGroup section */
		F0010AA71DA3D41D00DF6463 /* Main.storyboard */ = {
			isa = PBXVariantGroup;
			children = (
				F0010AA81DA3D41D00DF6463 /* Base */,
			);
			name = Main.storyboard;
			path = ../../..;
			sourceTree = "<group>";
		};
		F0010AAC1DA3D41D00DF6463 /* LaunchScreen.storyboard */ = {
			isa = PBXVariantGroup;
			children = (
				F0010AAD1DA3D41D00DF6463 /* Base */,
			);
			name = LaunchScreen.storyboard;
			sourceTree = "<group>";
		};
		F0010AEA1DA3DEC500DF6463 /* Home.storyboard */ = {
			isa = PBXVariantGroup;
			children = (
				F0010AEB1DA3DEC500DF6463 /* Base */,
			);
			name = Home.storyboard;
			path = ../../Common/Controllers;
			sourceTree = "<group>";
		};
		F0010AF11DA3E00400DF6463 /* Myself.storyboard */ = {
			isa = PBXVariantGroup;
			children = (
				F0010AF21DA3E00400DF6463 /* Base */,
			);
			name = Myself.storyboard;
			path = ../../Common/Controllers;
			sourceTree = "<group>";
		};
/* End PBXVariantGroup section */

/* Begin XCBuildConfiguration section */
		F0010AC61DA3D41D00DF6463 /* Debug */ = {
			isa = XCBuildConfiguration;
			buildSettings = {
				ALWAYS_SEARCH_USER_PATHS = NO;
				CLANG_CXX_LANGUAGE_STANDARD = "gnu++0x";
				CLANG_CXX_LIBRARY = "libc++";
				CLANG_ENABLE_MODULES = YES;
				CLANG_ENABLE_OBJC_ARC = YES;
				CLANG_WARN_BOOL_CONVERSION = YES;
				CLANG_WARN_CONSTANT_CONVERSION = YES;
				CLANG_WARN_DIRECT_OBJC_ISA_USAGE = YES_ERROR;
				CLANG_WARN_EMPTY_BODY = YES;
				CLANG_WARN_ENUM_CONVERSION = YES;
				CLANG_WARN_INFINITE_RECURSION = YES;
				CLANG_WARN_INT_CONVERSION = YES;
				CLANG_WARN_OBJC_ROOT_CLASS = YES_ERROR;
				CLANG_WARN_SUSPICIOUS_MOVE = YES;
				CLANG_WARN_UNREACHABLE_CODE = YES;
				CLANG_WARN__DUPLICATE_METHOD_MATCH = YES;
				"CODE_SIGN_IDENTITY[sdk=iphoneos*]" = "iPhone Developer";
				COPY_PHASE_STRIP = NO;
				DEBUG_INFORMATION_FORMAT = dwarf;
				ENABLE_STRICT_OBJC_MSGSEND = YES;
				ENABLE_TESTABILITY = YES;
				GCC_C_LANGUAGE_STANDARD = gnu99;
				GCC_DYNAMIC_NO_PIC = NO;
				GCC_NO_COMMON_BLOCKS = YES;
				GCC_OPTIMIZATION_LEVEL = 0;
				GCC_PREPROCESSOR_DEFINITIONS = (
					"DEBUG=1",
					"$(inherited)",
				);
				GCC_WARN_64_TO_32_BIT_CONVERSION = YES;
				GCC_WARN_ABOUT_RETURN_TYPE = YES_ERROR;
				GCC_WARN_UNDECLARED_SELECTOR = YES;
				GCC_WARN_UNINITIALIZED_AUTOS = YES_AGGRESSIVE;
				GCC_WARN_UNUSED_FUNCTION = YES;
				GCC_WARN_UNUSED_VARIABLE = YES;
				IPHONEOS_DEPLOYMENT_TARGET = 9.2;
				MTL_ENABLE_DEBUG_INFO = YES;
				ONLY_ACTIVE_ARCH = YES;
				SDKROOT = iphoneos;
				SWIFT_OPTIMIZATION_LEVEL = "-Onone";
			};
			name = Debug;
		};
		F0010AC71DA3D41D00DF6463 /* Release */ = {
			isa = XCBuildConfiguration;
			buildSettings = {
				ALWAYS_SEARCH_USER_PATHS = NO;
				CLANG_CXX_LANGUAGE_STANDARD = "gnu++0x";
				CLANG_CXX_LIBRARY = "libc++";
				CLANG_ENABLE_MODULES = YES;
				CLANG_ENABLE_OBJC_ARC = YES;
				CLANG_WARN_BOOL_CONVERSION = YES;
				CLANG_WARN_CONSTANT_CONVERSION = YES;
				CLANG_WARN_DIRECT_OBJC_ISA_USAGE = YES_ERROR;
				CLANG_WARN_EMPTY_BODY = YES;
				CLANG_WARN_ENUM_CONVERSION = YES;
				CLANG_WARN_INFINITE_RECURSION = YES;
				CLANG_WARN_INT_CONVERSION = YES;
				CLANG_WARN_OBJC_ROOT_CLASS = YES_ERROR;
				CLANG_WARN_SUSPICIOUS_MOVE = YES;
				CLANG_WARN_UNREACHABLE_CODE = YES;
				CLANG_WARN__DUPLICATE_METHOD_MATCH = YES;
				"CODE_SIGN_IDENTITY[sdk=iphoneos*]" = "iPhone Developer";
				COPY_PHASE_STRIP = NO;
				DEBUG_INFORMATION_FORMAT = "dwarf-with-dsym";
				ENABLE_NS_ASSERTIONS = NO;
				ENABLE_STRICT_OBJC_MSGSEND = YES;
				GCC_C_LANGUAGE_STANDARD = gnu99;
				GCC_NO_COMMON_BLOCKS = YES;
				GCC_WARN_64_TO_32_BIT_CONVERSION = YES;
				GCC_WARN_ABOUT_RETURN_TYPE = YES_ERROR;
				GCC_WARN_UNDECLARED_SELECTOR = YES;
				GCC_WARN_UNINITIALIZED_AUTOS = YES_AGGRESSIVE;
				GCC_WARN_UNUSED_FUNCTION = YES;
				GCC_WARN_UNUSED_VARIABLE = YES;
				IPHONEOS_DEPLOYMENT_TARGET = 9.2;
				MTL_ENABLE_DEBUG_INFO = NO;
				SDKROOT = iphoneos;
				SWIFT_OPTIMIZATION_LEVEL = "-Owholemodule";
				VALIDATE_PRODUCT = YES;
			};
			name = Release;
		};
		F0010AC91DA3D41D00DF6463 /* Debug */ = {
			isa = XCBuildConfiguration;
			baseConfigurationReference = 5DAD2053D655A5219A941791 /* Pods-douyuzhibo.debug.xcconfig */;
			buildSettings = {
				ALWAYS_EMBED_SWIFT_STANDARD_LIBRARIES = YES;
				ASSETCATALOG_COMPILER_APPICON_NAME = AppIcon;
				ASSETCATALOG_COMPILER_LAUNCHIMAGE_NAME = "Brand Assets";
				DEVELOPMENT_TEAM = X52UY93425;
				INFOPLIST_FILE = douyuzhibo/Info.plist;
				IPHONEOS_DEPLOYMENT_TARGET = 9.0;
				LD_RUNPATH_SEARCH_PATHS = "$(inherited) @executable_path/Frameworks";
				PRODUCT_BUNDLE_IDENTIFIER = xianglin.douyuzhibo;
				PRODUCT_NAME = "$(TARGET_NAME)";
				SWIFT_VERSION = 3.0;
			};
			name = Debug;
		};
		F0010ACA1DA3D41D00DF6463 /* Release */ = {
			isa = XCBuildConfiguration;
			baseConfigurationReference = C6ED00E3B5F903317B0D7DFE /* Pods-douyuzhibo.release.xcconfig */;
			buildSettings = {
				ALWAYS_EMBED_SWIFT_STANDARD_LIBRARIES = YES;
				ASSETCATALOG_COMPILER_APPICON_NAME = AppIcon;
				ASSETCATALOG_COMPILER_LAUNCHIMAGE_NAME = "Brand Assets";
				DEVELOPMENT_TEAM = X52UY93425;
				INFOPLIST_FILE = douyuzhibo/Info.plist;
				IPHONEOS_DEPLOYMENT_TARGET = 9.0;
				LD_RUNPATH_SEARCH_PATHS = "$(inherited) @executable_path/Frameworks";
				PRODUCT_BUNDLE_IDENTIFIER = xianglin.douyuzhibo;
				PRODUCT_NAME = "$(TARGET_NAME)";
				SWIFT_VERSION = 3.0;
			};
			name = Release;
		};
/* End XCBuildConfiguration section */

/* Begin XCConfigurationList section */
		F0010A9B1DA3D41D00DF6463 /* Build configuration list for PBXProject "douyuzhibo" */ = {
			isa = XCConfigurationList;
			buildConfigurations = (
				F0010AC61DA3D41D00DF6463 /* Debug */,
				F0010AC71DA3D41D00DF6463 /* Release */,
			);
			defaultConfigurationIsVisible = 0;
			defaultConfigurationName = Release;
		};
		F0010AC81DA3D41D00DF6463 /* Build configuration list for PBXNativeTarget "douyuzhibo" */ = {
			isa = XCConfigurationList;
			buildConfigurations = (
				F0010AC91DA3D41D00DF6463 /* Debug */,
				F0010ACA1DA3D41D00DF6463 /* Release */,
			);
			defaultConfigurationIsVisible = 0;
			defaultConfigurationName = Release;
		};
/* End XCConfigurationList section */
	};
	rootObject = F0010A981DA3D41D00DF6463 /* Project object */;
}
